
Microsoft Visual Studio Solution File, Format Version 12.00
# Visual Studio Version 17
VisualStudioVersion = 17.13.35931.197 d17.13
MinimumVisualStudioVersion = 10.0.40219.1
Project("{FAE04EC0-301F-11D3-BF4B-00C04F79EFBC}") = "Crypto", "Crypto\Crypto.csproj", "{DA0AA18C-1937-4CAC-B8F2-8D82A97A8367}"
EndProject
Global
	GlobalSection(SolutionConfigurationPlatforms) = preSolution
		Debug|Any CPU = Debug|Any CPU
		Release|Any CPU = Release|Any CPU
	EndGlobalSection
	GlobalSection(ProjectConfigurationPlatforms) = postSolution
		{DA0AA18C-1937-4CAC-B8F2-8D82A97A8367}.Debug|Any CPU.ActiveCfg = Debug|Any CPU
		{DA0AA18C-1937-4CAC-B8F2-8D82A97A8367}.Debug|Any CPU.Build.0 = Debug|Any CPU
		{DA0AA18C-1937-4CAC-B8F2-8D82A97A8367}.Release|Any CPU.ActiveCfg = Release|Any CPU
		{DA0AA18C-1937-4CAC-B8F2-8D82A97A8367}.Release|Any CPU.Build.0 = Release|Any CPU
	EndGlobalSection
	GlobalSection(SolutionProperties) = preSolution
		HideSolutionNode = FALSE
	EndGlobalSection
	GlobalSection(ExtensibilityGlobals) = postSolution
		SolutionGuid = {276EB07C-2956-4F9A-9A5D-4F2723E8FDFD}
	EndGlobalSection
EndGlobal
